
Microsoft Visual Studio Solution File, Format Version 12.00
# Visual Studio Version 17
VisualStudioVersion = 17.8.34408.163
MinimumVisualStudioVersion = 10.0.40219.1
Project("{FAE04EC0-301F-11D3-BF4B-00C04F79EFBC}") = "Labbayk", "Labbayk\Labbayk.csproj", "{A9231EB0-1D3E-4324-8ED2-92265F329125}"
EndProject
Global
	GlobalSection(SolutionConfigurationPlatforms) = preSolution
		Debug|Any CPU = Debug|Any CPU
		Release|Any CPU = Release|Any CPU
	EndGlobalSection
	GlobalSection(ProjectConfigurationPlatforms) = postSolution
		{A9231EB0-1D3E-4324-8ED2-92265F329125}.Debug|Any CPU.ActiveCfg = Debug|Any CPU
		{A9231EB0-1D3E-4324-8ED2-92265F329125}.Debug|Any CPU.Build.0 = Debug|Any CPU
		{A9231EB0-1D3E-4324-8ED2-92265F329125}.Release|Any CPU.ActiveCfg = Release|Any CPU
		{A9231EB0-1D3E-4324-8ED2-92265F329125}.Release|Any CPU.Build.0 = Release|Any CPU
	EndGlobalSection
	GlobalSection(SolutionProperties) = preSolution
		HideSolutionNode = FALSE
	EndGlobalSection
	GlobalSection(ExtensibilityGlobals) = postSolution
		SolutionGuid = {FBFBD543-1174-46D1-AF2A-09DC923EA6D3}
	EndGlobalSection
EndGlobal
